
Microsoft Visual Studio Solution File, Format Version 12.00
# Visual Studio 15
VisualStudioVersion = 15.0.28307.102
MinimumVisualStudioVersion = 10.0.40219.1
Project("{FAE04EC0-301F-11D3-BF4B-00C04F79EFBC}") = "DynamoApiClient", "DynamoApiClient\DynamoApiClient.csproj", "{16DB8EA2-B03A-4315-9009-74C3259D2F9F}"
EndProject
Project("{FAE04EC0-301F-11D3-BF4B-00C04F79EFBC}") = "DynamoApiClient.Example", "DynamoApiClient.Example\DynamoApiClient.Example.csproj", "{6B3D958E-170D-499B-8120-C1E44D0DB86F}"
EndProject
Global
	GlobalSection(SolutionConfigurationPlatforms) = preSolution
		Debug|Any CPU = Debug|Any CPU
		Release|Any CPU = Release|Any CPU
	EndGlobalSection
	GlobalSection(ProjectConfigurationPlatforms) = postSolution
		{16DB8EA2-B03A-4315-9009-74C3259D2F9F}.Debug|Any CPU.ActiveCfg = Debug|Any CPU
		{16DB8EA2-B03A-4315-9009-74C3259D2F9F}.Debug|Any CPU.Build.0 = Debug|Any CPU
		{16DB8EA2-B03A-4315-9009-74C3259D2F9F}.Release|Any CPU.ActiveCfg = Release|Any CPU
		{16DB8EA2-B03A-4315-9009-74C3259D2F9F}.Release|Any CPU.Build.0 = Release|Any CPU
		{6B3D958E-170D-499B-8120-C1E44D0DB86F}.Debug|Any CPU.ActiveCfg = Debug|Any CPU
		{6B3D958E-170D-499B-8120-C1E44D0DB86F}.Debug|Any CPU.Build.0 = Debug|Any CPU
		{6B3D958E-170D-499B-8120-C1E44D0DB86F}.Release|Any CPU.ActiveCfg = Release|Any CPU
		{6B3D958E-170D-499B-8120-C1E44D0DB86F}.Release|Any CPU.Build.0 = Release|Any CPU
	EndGlobalSection
	GlobalSection(SolutionProperties) = preSolution
		HideSolutionNode = FALSE
	EndGlobalSection
	GlobalSection(ExtensibilityGlobals) = postSolution
		SolutionGuid = {37F48D42-125F-4456-A9F1-7EEAAAEFA8DB}
	EndGlobalSection
EndGlobal
